{
    "_meta": {
        "hash": {
            "sha256": "36b4d15ab997722625c5463b1a4e8164dfc3dd1788d6e7e90b62a7d7b5ed6a50"
        },
        "pipfile-spec": 6,
        "requires": {
            "python_version": "3.7"
        },
        "sources": [
            {
                "name": "pypi",
                "url": "https://pypi.org/simple",
                "verify_ssl": true
            }
        ]
    },
    "default": {
        "certifi": {
            "hashes": [
                "sha256:1d987a998c75633c40847cc966fcf5904906c920a7f17ef374f5aa4282abd304",
                "sha256:51fcb31174be6e6664c5f69e3e1691a2d72a1a12e90f872cbdb1567eb47b6519"
            ],
            "version": "==2020.4.5.1"
        },
        "chardet": {
            "hashes": [
                "sha256:84ab92ed1c4d4f16916e05906b6b75a6c0fb5db821cc65e70cbd64a3e2a5eaae",
                "sha256:fc323ffcaeaed0e0a02bf4d117757b98aed530d9ed4531e3e15460124c106691"
            ],
            "version": "==3.0.4"
        },
        "idna": {
            "hashes": [
                "sha256:7588d1c14ae4c77d74036e8c22ff447b26d0fde8f007354fd48a7814db15b7cb",
                "sha256:a068a21ceac8a4d63dbfd964670474107f541babbd2250d61922f029858365fa"
            ],
            "version": "==2.9"
        },
        "requests": {
            "hashes": [
                "sha256:43999036bfa82904b6af1d99e4882b560e5e2c68e5c4b0aa03b655f3d7d73fee",
                "sha256:b3f43d496c6daba4493e7c431722aeb7dbc6288f52a6e04e7b6023b0247817e6"
            ],
            "version": "==2.23.0"
        },
        "urllib3": {
            "hashes": [
                "sha256:3018294ebefce6572a474f0604c2021e33b3fd8006ecd11d62107a5d2a963527",
                "sha256:88206b0eb87e6d677d424843ac5209e3fb9d0190d0ee169599165ec25e9d9115"
            ],
            "version": "==1.25.9"
        }
    },
    "develop": {
        "atomicwrites": {
            "hashes": [
                "sha256:6d1784dea7c0c8d4a5172b6c620f40b6e4cbfdf96d783691f2e1302a7b88e197",
                "sha256:ae70396ad1a434f9c7046fd2dd196fc04b12f9e91ffb859164193be8b6168a7a"
            ],
            "version": "==1.4.0"
        },
        "attrs": {
            "hashes": [
                "sha256:08a96c641c3a74e44eb59afb61a24f2cb9f4d7188748e76ba4bb5edfa3cb7d1c",
                "sha256:f7b7ce16570fe9965acd6d30101a28f62fb4a7f9e926b3bbc9b61f8b04247e72"
            ],
            "version": "==19.3.0"
        },
        "coverage": {
            "hashes": [
                "sha256:0c471fdc5b9db0229fb2477ac445a886c7a6d86029534e29f0dc65f517c8e704",
                "sha256:0fb10cafd85a931837be9d18420c80d16cbb13d1d9a78d78dee932af2dd55135",
                "sha256:0ff19756ee78fe2377eb5126a196fe84643f149f840ea7d74b4c08686f5484e4",
                "sha256:2987506781355303506660cb1917b0dcd02a76f7873db604a415aadb2193bd96",
                "sha256:34e1f49e25336840857c1c1593764342316d0b1ce5a8d74c314d4883468f9dfe",
                "sha256:422ab4cf66a7ed0c119ce8db64c99c6667eda53acaa63a4c178dbac4100f57b6",
                "sha256:42f65145acfbbac227b862fe509d0353861d70c455f91a14ace52fe378cdc085",
                "sha256:45ca96310fda694eb9ae1cdee0355cf66d2acc828678513b331172061289c17a",
                "sha256:49f3434739e443771171e4d6c0e7df12cc83d7f00beb7b5d6b3a655a873c51ab",
                "sha256:58e84430bf1b2904b96bcee9ba7f736fb7efb84f5bd7c7b5b3df54db12476360",
                "sha256:6130f0f95461fc46884ce73269fc72028e139359a0583a12f7510a45a081faa3",
                "sha256:68dce32c064d8597f91d5d12a7a91a92ce0a37d1a024108d25834bd0ea905e11",
                "sha256:6c0d8e633cec3ac7a32f676e8b777a56f0ba4a954aecb0634301fdb85c40a845",
                "sha256:71a8baf10a755c35b7015d524279ebec9b801bc46c821e344914be0ad6c73bfc",
                "sha256:749eaf8cf5d03695359ff08ea8d01ac42381069baf42d991a36ba30cc34da87a",
                "sha256:8476aa688efcc4521264f12e6e74c2587cd4623429c8f5aab613e0b46de41283",
                "sha256:870f8ea4bbc79bdd0dbcf7367f89ee4cfd3f278063a0e16bd78baa05c0541fc9",
                "sha256:9ac1d0cacaf12168d53bfcd390b69b9548919c6a5829cb1fd2f28f122ce5c83c",
                "sha256:9d01b0d67ab782efa3c940a8ea1fc3ccb7ca0fc24a187b6d772bf6a45e0efb2f",
                "sha256:9d4560814fc741f571eb99996e6ef0ba4cd70a8e3c2d98a526c1a2ce13a7e982",
                "sha256:9f5383bb5912817e05d1f411279b34d8bde518fe8dce6f3f53a8731dca4f133e",
                "sha256:a518d13a3cd905d89891123d765e15e61538849e2be0ee5f85ad2bdb3fd91cc9",
                "sha256:b10b845dbb809056c8c96c02a4d1644084fcb7c3d405d1262eb6dfaab89650b1",
                "sha256:be883832d1ddc827c742928f86b861b99ee38ae17cd3833172959d18ff437b6a",
                "sha256:cd585d280e1199290e8e0dca6b297e021cfbcade6759ad56146257a53b90c5b0",
                "sha256:dc5aec152c59f8db9c723e2f3c98d64b1ead814f0a9c2c4e0b998f0ae7338c30",
                "sha256:dd0e050a0dc5101dbf1e8f87d7362d65404f8b29d25f22eda0418bb7b31c6954",
                "sha256:ddc4e200767bdf76182a634fba47343e223492b74d33edc5cf680a50e14f6d09",
                "sha256:e32334063e661da80ebc1a720b829228e918d1f24b947afebbe84edcff157c39",
                "sha256:eca26715688fdb7ec73d316d89687ac9bf4cdd7df0ceb8b22a3a2928bf8e7ece",
                "sha256:ef73a4e074fb0b470eb64a552d460394630ccaab73b8a7b2f523514f7df2b805",
                "sha256:f122138bfc6d45bc1c770a9987ce28c89e874638e423d25dff5d40e66fc02878",
                "sha256:f6f14b05b5c0456eb6ab82b6acd937b8118eca14ec621bd1729ca33f251d9ea4",
                "sha256:fc333e8971e8be0a310e4398426ec2b643a3466092643ade1500bdf72a789e83"
            ],
            "version": "==6.1"
        },
        "entrypoints": {
            "hashes": [
                "sha256:589f874b313739ad35be6e0cd7efde2a4e9b6fea91edcc34e58ecbb8dbe56d19",
                "sha256:c70dd71abe5a8c85e55e12c19bd91ccfeec11a6e99044204511f9ed547d48451"
            ],
            "version": "==0.3"
        },
        "flake8": {
            "hashes": [
                "sha256:6c1193b0c3f853ef763969238f6c81e9e63ace9d024518edc020d5f1d6d93195",
                "sha256:ea6623797bf9a52f4c9577d780da0bb17d65f870213f7b5bcc9fca82540c31d5"
            ],
            "version": "==3.8.1"
        },
        "importlib-metadata": {
            "hashes": [
                "sha256:2a688cbaa90e0cc587f1df48bdc97a6eadccdcd9c35fb3f976a09e3b5016d90f",
                "sha256:34513a8a0c4962bc66d35b359558fd8a5e10cd472d37aec5f66858addef32c1e"
            ],
            "version": "==1.6.0"
        },
        "mccabe": {
            "hashes": [
                "sha256:ab8a6258860da4b6677da4bd2fe5dc2c659cff31b3ee4f7f5d64e79735b80d42",
                "sha256:dd8d182285a0fe56bace7f45b5e7d1a6ebcbf524e8f3bd87eb0f125271b8831f"
            ],
            "version": "==0.6.1"
        },
        "more-itertools": {
            "hashes": [
                "sha256:5dd8bcf33e5f9513ffa06d5ad33d78f31e1931ac9a18f33d37e77a180d393a7c",
                "sha256:b1ddb932186d8a6ac451e1d95844b382f55e12686d51ca0c68b6f61f2ab7a507"
            ],
            "version": "==8.2.0"
        },
        "packaging": {
            "hashes": [
                "sha256:3c292b474fda1671ec57d46d739d072bfd495a4f51ad01a055121d81e952b7a3",
                "sha256:82f77b9bee21c1bafbf35a84905d604d5d1223801d639cf3ed140bd651c08752"
            ],
            "version": "==20.3"
        },
        "pluggy": {
            "hashes": [
                "sha256:15b2acde666561e1298d71b523007ed7364de07029219b604cf808bfa1c765b0",
                "sha256:966c145cd83c96502c3c3868f50408687b38434af77734af1e9ca461a4081d2d"
            ],
            "version": "==0.13.1"
        },
        "py": {
            "hashes": [
                "sha256:5e27081401262157467ad6e7f851b7aa402c5852dbcb3dae06768434de5752aa",
                "sha256:c20fdd83a5dbc0af9efd622bee9a5564e278f6380fffcacc43ba6f43db2813b0"
            ],
            "version": "==1.8.1"
        },
        "pycodestyle": {
            "hashes": [
                "sha256:2295e7b2f6b5bd100585ebcb1f616591b652db8a741695b3d8f5d28bdc934367",
                "sha256:c58a7d2815e0e8d7972bf1803331fb0152f867bd89adf8a01dfd55085434192e"
            ],
            "version": "==2.6.0"
        },
        "pyflakes": {
            "hashes": [
                "sha256:0d94e0e05a19e57a99444b6ddcf9a6eb2e5c68d3ca1e98e90707af8152c90a92",
                "sha256:35b2d75ee967ea93b55750aa9edbbf72813e06a66ba54438df2cfac9e3c27fc8"
            ],
            "version": "==2.2.0"
        },
        "pyparsing": {
            "hashes": [
                "sha256:c203ec8783bf771a155b207279b9bccb8dea02d8f0c9e5f8ead507bc3246ecc1",
                "sha256:ef9d7589ef3c200abe66653d3f1ab1033c3c419ae9b9bdb1240a85b024efc88b"
            ],
            "version": "==2.4.7"
        },
        "pytest": {
            "hashes": [
                "sha256:95c710d0a72d91c13fae35dce195633c929c3792f54125919847fdcdf7caa0d3",
                "sha256:eb2b5e935f6a019317e455b6da83dd8650ac9ffd2ee73a7b657a30873d67a698"
            ],
            "version": "==5.4.2"
        },
        "pytest-cov": {
            "hashes": [
                "sha256:cc6742d8bac45070217169f5f72ceee1e0e55b0221f54bcf24845972d3a47f2b",
                "sha256:cdbdef4f870408ebdbfeb44e63e07eb18bb4619fae852f6e760645fa36172626"
            ],
            "version": "==2.8.1"
        },
        "pytest-mock": {
            "hashes": [
                "sha256:997729451dfc36b851a9accf675488c7020beccda15e11c75632ee3d1b1ccd71",
                "sha256:ce610831cedeff5331f4e2fc453a5dd65384303f680ab34bee2c6533855b431c"
            ],
            "version": "==3.1.0"
        },
        "six": {
            "hashes": [
                "sha256:236bdbdce46e6e6a3d61a337c0f8b763ca1e8717c03b369e87a7ec7ce1319c0a",
                "sha256:8f3cd2e254d8f793e7f3d6d9df77b92252b52637291d0f0da013c76ea2724b6c"
            ],
            "version": "==1.14.0"
        },
        "wcwidth": {
            "hashes": [
                "sha256:cafe2186b3c009a04067022ce1dcd79cb38d8d65ee4f4791b8888d6599d1bbe1",
                "sha256:ee73862862a156bf77ff92b09034fc4825dd3af9cf81bc5b360668d425f3c5f1"
            ],
            "version": "==0.1.9"
        },
        "zipp": {
            "hashes": [
                "sha256:aa36550ff0c0b7ef7fa639055d797116ee891440eac1a56f378e2d3179e0320b",
                "sha256:c599e4d75c98f6798c509911d08a22e6c021d074469042177c8c86fb92eefd96"
            ],
            "version": "==3.1.0"
        }
    }
}
